
Microsoft Visual Studio Solution File, Format Version 12.00
# Visual Studio Version 17
VisualStudioVersion = 17.6.33712.159
MinimumVisualStudioVersion = 10.0.40219.1
Project("{9A19103F-16F7-4668-BE54-9A1E7A4F7556}") = "MatricField.ManagedOverlapped", "MatricField.ManagedOverlapped\MatricField.ManagedOverlapped.csproj", "{E3CFC59E-1F86-40FB-888B-22A8FD696236}"
EndProject
Global
	GlobalSection(SolutionConfigurationPlatforms) = preSolution
		Debug|Any CPU = Debug|Any CPU
		Release|Any CPU = Release|Any CPU
	EndGlobalSection
	GlobalSection(ProjectConfigurationPlatforms) = postSolution
		{E3CFC59E-1F86-40FB-888B-22A8FD696236}.Debug|Any CPU.ActiveCfg = Debug|Any CPU
		{E3CFC59E-1F86-40FB-888B-22A8FD696236}.Debug|Any CPU.Build.0 = Debug|Any CPU
		{E3CFC59E-1F86-40FB-888B-22A8FD696236}.Release|Any CPU.ActiveCfg = Release|Any CPU
		{E3CFC59E-1F86-40FB-888B-22A8FD696236}.Release|Any CPU.Build.0 = Release|Any CPU
	EndGlobalSection
	GlobalSection(SolutionProperties) = preSolution
		HideSolutionNode = FALSE
	EndGlobalSection
	GlobalSection(ExtensibilityGlobals) = postSolution
		SolutionGuid = {3CED23DA-CDAA-4D63-8E85-8CC5EE267C18}
	EndGlobalSection
EndGlobal
